// !$*UTF8*$!
{
	archiveVersion = 1;
	classes = {
	};
	objectVersion = 77;
	objects = {

/* Begin PBXContainerItemProxy section */
		DBD459D72DFF984D00CEAE83 /* PBXContainerItemProxy */ = {
			isa = PBXContainerItemProxy;
			containerPortal = DBD459C12DFF984B00CEAE83 /* Project object */;
			proxyType = 1;
			remoteGlobalIDString = DBD459C82DFF984B00CEAE83;
			remoteInfo = FavStop;
		};
		DBD459E12DFF984D00CEAE83 /* PBXContainerItemProxy */ = {
			isa = PBXContainerItemProxy;
			containerPortal = DBD459C12DFF984B00CEAE83 /* Project object */;
			proxyType = 1;
			remoteGlobalIDString = DBD459C82DFF984B00CEAE83;
			remoteInfo = FavStop;
		};
/* End PBXContainerItemProxy section */

/* Begin PBXFileReference section */
		DBD459C92DFF984B00CEAE83 /* FavStop.app */ = {isa = PBXFileReference; explicitFileType = wrapper.application; includeInIndex = 0; path = FavStop.app; sourceTree = BUILT_PRODUCTS_DIR; };
		DBD459D62DFF984D00CEAE83 /* FavStopTests.xctest */ = {isa = PBXFileReference; explicitFileType = wrapper.cfbundle; includeInIndex = 0; path = FavStopTests.xctest; sourceTree = BUILT_PRODUCTS_DIR; };
		DBD459E02DFF984D00CEAE83 /* FavStopUITests.xctest */ = {isa = PBXFileReference; explicitFileType = wrapper.cfbundle; includeInIndex = 0; path = FavStopUITests.xctest; sourceTree = BUILT_PRODUCTS_DIR; };
/* End PBXFileReference section */

/* Begin PBXFileSystemSynchronizedRootGroup section */
		DBD459CB2DFF984B00CEAE83 /* FavStop */ = {
			isa = PBXFileSystemSynchronizedRootGroup;
			path = FavStop;
			sourceTree = "<group>";
		};
		DBD459D92DFF984D00CEAE83 /* FavStopTests */ = {
			isa = PBXFileSystemSynchronizedRootGroup;
			path = FavStopTests;
			sourceTree = "<group>";
		};
		DBD459E32DFF984D00CEAE83 /* FavStopUITests */ = {
			isa = PBXFileSystemSynchronizedRootGroup;
			path = FavStopUITests;
			sourceTree = "<group>";
		};
/* End PBXFileSystemSynchronizedRootGroup section */

/* Begin PBXFrameworksBuildPhase section */
		DBD459C62DFF984B00CEAE83 /* Frameworks */ = {
			isa = PBXFrameworksBuildPhase;
			buildActionMask = 2147483647;
			files = (
			);
			runOnlyForDeploymentPostprocessing = 0;
		};
		DBD459D32DFF984D00CEAE83 /* Frameworks */ = {
			isa = PBXFrameworksBuildPhase;
			buildActionMask = 2147483647;
			files = (
			);
			runOnlyForDeploymentPostprocessing = 0;
		};
		DBD459DD2DFF984D00CEAE83 /* Frameworks */ = {
			isa = PBXFrameworksBuildPhase;
			buildActionMask = 2147483647;
			files = (
			);
			runOnlyForDeploymentPostprocessing = 0;
		};
/* End PBXFrameworksBuildPhase section */

/* Begin PBXGroup section */
		DBD459C02DFF984B00CEAE83 = {
			isa = PBXGroup;
			children = (
				DBD459CB2DFF984B00CEAE83 /* FavStop */,
				DBD459D92DFF984D00CEAE83 /* FavStopTests */,
				DBD459E32DFF984D00CEAE83 /* FavStopUITests */,
				DBD459CA2DFF984B00CEAE83 /* Products */,
			);
			sourceTree = "<group>";
		};
		DBD459CA2DFF984B00CEAE83 /* Products */ = {
			isa = PBXGroup;
			children = (
				DBD459C92DFF984B00CEAE83 /* FavStop.app */,
				DBD459D62DFF984D00CEAE83 /* FavStopTests.xctest */,
				DBD459E02DFF984D00CEAE83 /* FavStopUITests.xctest */,
			);
			name = Products;
			sourceTree = "<group>";
		};
/* End PBXGroup section */

/* Begin PBXNativeTarget section */
		DBD459C82DFF984B00CEAE83 /* FavStop */ = {
			isa = PBXNativeTarget;
			buildConfigurationList = DBD459EA2DFF984D00CEAE83 /* Build configuration list for PBXNativeTarget "FavStop" */;
			buildPhases = (
				DBD459C52DFF984B00CEAE83 /* Sources */,
				DBD459C62DFF984B00CEAE83 /* Frameworks */,
				DBD459C72DFF984B00CEAE83 /* Resources */,
			);
			buildRules = (
			);
			dependencies = (
			);
			fileSystemSynchronizedGroups = (
				DBD459CB2DFF984B00CEAE83 /* FavStop */,
			);
			name = FavStop;
			packageProductDependencies = (
			);
			productName = FavStop;
			productReference = DBD459C92DFF984B00CEAE83 /* FavStop.app */;
			productType = "com.apple.product-type.application";
		};
		DBD459D52DFF984D00CEAE83 /* FavStopTests */ = {
			isa = PBXNativeTarget;
			buildConfigurationList = DBD459ED2DFF984D00CEAE83 /* Build configuration list for PBXNativeTarget "FavStopTests" */;
			buildPhases = (
				DBD459D22DFF984D00CEAE83 /* Sources */,
				DBD459D32DFF984D00CEAE83 /* Frameworks */,
				DBD459D42DFF984D00CEAE83 /* Resources */,
			);
			buildRules = (
			);
			dependencies = (
				DBD459D82DFF984D00CEAE83 /* PBXTargetDependency */,
			);
			fileSystemSynchronizedGroups = (
				DBD459D92DFF984D00CEAE83 /* FavStopTests */,
			);
			name = FavStopTests;
			packageProductDependencies = (
			);
			productName = FavStopTests;
			productReference = DBD459D62DFF984D00CEAE83 /* FavStopTests.xctest */;
			productType = "com.apple.product-type.bundle.unit-test";
		};
		DBD459DF2DFF984D00CEAE83 /* FavStopUITests */ = {
			isa = PBXNativeTarget;
			buildConfigurationList = DBD459F02DFF984D00CEAE83 /* Build configuration list for PBXNativeTarget "FavStopUITests" */;
			buildPhases = (
				DBD459DC2DFF984D00CEAE83 /* Sources */,
				DBD459DD2DFF984D00CEAE83 /* Frameworks */,
				DBD459DE2DFF984D00CEAE83 /* Resources */,
			);
			buildRules = (
			);
			dependencies = (
				DBD459E22DFF984D00CEAE83 /* PBXTargetDependency */,
			);
			fileSystemSynchronizedGroups = (
				DBD459E32DFF984D00CEAE83 /* FavStopUITests */,
			);
			name = FavStopUITests;
			packageProductDependencies = (
			);
			productName = FavStopUITests;
			productReference = DBD459E02DFF984D00CEAE83 /* FavStopUITests.xctest */;
			productType = "com.apple.product-type.bundle.ui-testing";
		};
/* End PBXNativeTarget section */

/* Begin PBXProject section */
		DBD459C12DFF984B00CEAE83 /* Project object */ = {
			isa = PBXProject;
			attributes = {
				BuildIndependentTargetsInParallel = 1;
				LastSwiftUpdateCheck = 1640;
				LastUpgradeCheck = 1640;
				TargetAttributes = {
					DBD459C82DFF984B00CEAE83 = {
						CreatedOnToolsVersion = 16.4;
					};
					DBD459D52DFF984D00CEAE83 = {
						CreatedOnToolsVersion = 16.4;
						TestTargetID = DBD459C82DFF984B00CEAE83;
					};
					DBD459DF2DFF984D00CEAE83 = {
						CreatedOnToolsVersion = 16.4;
						TestTargetID = DBD459C82DFF984B00CEAE83;
					};
				};
			};
			buildConfigurationList = DBD459C42DFF984B00CEAE83 /* Build configuration list for PBXProject "FavStop" */;
			developmentRegion = en;
			hasScannedForEncodings = 0;
			knownRegions = (
				en,
				Base,
			);
			mainGroup = DBD459C02DFF984B00CEAE83;
			minimizedProjectReferenceProxies = 1;
			preferredProjectObjectVersion = 77;
			productRefGroup = DBD459CA2DFF984B00CEAE83 /* Products */;
			projectDirPath = "";
			projectRoot = "";
			targets = (
				DBD459C82DFF984B00CEAE83 /* FavStop */,
				DBD459D52DFF984D00CEAE83 /* FavStopTests */,
				DBD459DF2DFF984D00CEAE83 /* FavStopUITests */,
			);
		};
/* End PBXProject section */

/* Begin PBXResourcesBuildPhase section */
		DBD459C72DFF984B00CEAE83 /* Resources */ = {
			isa = PBXResourcesBuildPhase;
			buildActionMask = 2147483647;
			files = (
			);
			runOnlyForDeploymentPostprocessing = 0;
		};
		DBD459D42DFF984D00CEAE83 /* Resources */ = {
			isa = PBXResourcesBuildPhase;
			buildActionMask = 2147483647;
			files = (
			);
			runOnlyForDeploymentPostprocessing = 0;
		};
		DBD459DE2DFF984D00CEAE83 /* Resources */ = {
			isa = PBXResourcesBuildPhase;
			buildActionMask = 2147483647;
			files = (
			);
			runOnlyForDeploymentPostprocessing = 0;
		};
/* End PBXResourcesBuildPhase section */

/* Begin PBXSourcesBuildPhase section */
		DBD459C52DFF984B00CEAE83 /* Sources */ = {
			isa = PBXSourcesBuildPhase;
			buildActionMask = 2147483647;
			files = (
			);
			runOnlyForDeploymentPostprocessing = 0;
		};
		DBD459D22DFF984D00CEAE83 /* Sources */ = {
			isa = PBXSourcesBuildPhase;
			buildActionMask = 2147483647;
			files = (
			);
			runOnlyForDeploymentPostprocessing = 0;
		};
		DBD459DC2DFF984D00CEAE83 /* Sources */ = {
			isa = PBXSourcesBuildPhase;
			buildActionMask = 2147483647;
			files = (
			);
			runOnlyForDeploymentPostprocessing = 0;
		};
/* End PBXSourcesBuildPhase section */

/* Begin PBXTargetDependency section */
		DBD459D82DFF984D00CEAE83 /* PBXTargetDependency */ = {
			isa = PBXTargetDependency;
			target = DBD459C82DFF984B00CEAE83 /* FavStop */;
			targetProxy = DBD459D72DFF984D00CEAE83 /* PBXContainerItemProxy */;
		};
		DBD459E22DFF984D00CEAE83 /* PBXTargetDependency */ = {
			isa = PBXTargetDependency;
			target = DBD459C82DFF984B00CEAE83 /* FavStop */;
			targetProxy = DBD459E12DFF984D00CEAE83 /* PBXContainerItemProxy */;
		};
/* End PBXTargetDependency section */

/* Begin XCBuildConfiguration section */
		DBD459E82DFF984D00CEAE83 /* Debug */ = {
			isa = XCBuildConfiguration;
			buildSettings = {
				ALWAYS_SEARCH_USER_PATHS = NO;
				ASSETCATALOG_COMPILER_GENERATE_SWIFT_ASSET_SYMBOL_EXTENSIONS = YES;
				CLANG_ANALYZER_NONNULL = YES;
				CLANG_ANALYZER_NUMBER_OBJECT_CONVERSION = YES_AGGRESSIVE;
				CLANG_CXX_LANGUAGE_STANDARD = "gnu++20";
				CLANG_ENABLE_MODULES = YES;
				CLANG_ENABLE_OBJC_ARC = YES;
				CLANG_ENABLE_OBJC_WEAK = YES;
				CLANG_WARN_BLOCK_CAPTURE_AUTORELEASING = YES;
				CLANG_WARN_BOOL_CONVERSION = YES;
				CLANG_WARN_COMMA = YES;
				CLANG_WARN_CONSTANT_CONVERSION = YES;
				CLANG_WARN_DEPRECATED_OBJC_IMPLEMENTATIONS = YES;
				CLANG_WARN_DIRECT_OBJC_ISA_USAGE = YES_ERROR;
				CLANG_WARN_DOCUMENTATION_COMMENTS = YES;
				CLANG_WARN_EMPTY_BODY = YES;
				CLANG_WARN_ENUM_CONVERSION = YES;
				CLANG_WARN_INFINITE_RECURSION = YES;
				CLANG_WARN_INT_CONVERSION = YES;
				CLANG_WARN_NON_LITERAL_NULL_CONVERSION = YES;
				CLANG_WARN_OBJC_IMPLICIT_RETAIN_SELF = YES;
				CLANG_WARN_OBJC_LITERAL_CONVERSION = YES;
				CLANG_WARN_OBJC_ROOT_CLASS = YES_ERROR;
				CLANG_WARN_QUOTED_INCLUDE_IN_FRAMEWORK_HEADER = YES;
				CLANG_WARN_RANGE_LOOP_ANALYSIS = YES;
				CLANG_WARN_STRICT_PROTOTYPES = YES;
				CLANG_WARN_SUSPICIOUS_MOVE = YES;
				CLANG_WARN_UNGUARDED_AVAILABILITY = YES_AGGRESSIVE;
				CLANG_WARN_UNREACHABLE_CODE = YES;
				CLANG_WARN__DUPLICATE_METHOD_MATCH = YES;
				COPY_PHASE_STRIP = NO;
				DEBUG_INFORMATION_FORMAT = dwarf;
				DEVELOPMENT_TEAM = N3JPJNX26U;
				ENABLE_STRICT_OBJC_MSGSEND = YES;
				ENABLE_TESTABILITY = YES;
				ENABLE_USER_SCRIPT_SANDBOXING = YES;
				GCC_C_LANGUAGE_STANDARD = gnu17;
				GCC_DYNAMIC_NO_PIC = NO;
				GCC_NO_COMMON_BLOCKS = YES;
				GCC_OPTIMIZATION_LEVEL = 0;
				GCC_PREPROCESSOR_DEFINITIONS = (
					"DEBUG=1",
					"$(inherited)",
				);
				GCC_WARN_64_TO_32_BIT_CONVERSION = YES;
				GCC_WARN_ABOUT_RETURN_TYPE = YES_ERROR;
				GCC_WARN_UNDECLARED_SELECTOR = YES;
				GCC_WARN_UNINITIALIZED_AUTOS = YES_AGGRESSIVE;
				GCC_WARN_UNUSED_FUNCTION = YES;
				GCC_WARN_UNUSED_VARIABLE = YES;
				IPHONEOS_DEPLOYMENT_TARGET = 18.5;
				LOCALIZATION_PREFERS_STRING_CATALOGS = YES;
				MTL_ENABLE_DEBUG_INFO = INCLUDE_SOURCE;
				MTL_FAST_MATH = YES;
				ONLY_ACTIVE_ARCH = YES;
				SDKROOT = iphoneos;
				SWIFT_ACTIVE_COMPILATION_CONDITIONS = "DEBUG $(inherited)";
				SWIFT_OPTIMIZATION_LEVEL = "-Onone";
			};
			name = Debug;
		};
		DBD459E92DFF984D00CEAE83 /* Release */ = {
			isa = XCBuildConfiguration;
			buildSettings = {
				ALWAYS_SEARCH_USER_PATHS = NO;
				ASSETCATALOG_COMPILER_GENERATE_SWIFT_ASSET_SYMBOL_EXTENSIONS = YES;
				CLANG_ANALYZER_NONNULL = YES;
				CLANG_ANALYZER_NUMBER_OBJECT_CONVERSION = YES_AGGRESSIVE;
				CLANG_CXX_LANGUAGE_STANDARD = "gnu++20";
				CLANG_ENABLE_MODULES = YES;
				CLANG_ENABLE_OBJC_ARC = YES;
				CLANG_ENABLE_OBJC_WEAK = YES;
				CLANG_WARN_BLOCK_CAPTURE_AUTORELEASING = YES;
				CLANG_WARN_BOOL_CONVERSION = YES;
				CLANG_WARN_COMMA = YES;
				CLANG_WARN_CONSTANT_CONVERSION = YES;
				CLANG_WARN_DEPRECATED_OBJC_IMPLEMENTATIONS = YES;
				CLANG_WARN_DIRECT_OBJC_ISA_USAGE = YES_ERROR;
				CLANG_WARN_DOCUMENTATION_COMMENTS = YES;
				CLANG_WARN_EMPTY_BODY = YES;
				CLANG_WARN_ENUM_CONVERSION = YES;
				CLANG_WARN_INFINITE_RECURSION = YES;
				CLANG_WARN_INT_CONVERSION = YES;
				CLANG_WARN_NON_LITERAL_NULL_CONVERSION = YES;
				CLANG_WARN_OBJC_IMPLICIT_RETAIN_SELF = YES;
				CLANG_WARN_OBJC_LITERAL_CONVERSION = YES;
				CLANG_WARN_OBJC_ROOT_CLASS = YES_ERROR;
				CLANG_WARN_QUOTED_INCLUDE_IN_FRAMEWORK_HEADER = YES;
				CLANG_WARN_RANGE_LOOP_ANALYSIS = YES;
				CLANG_WARN_STRICT_PROTOTYPES = YES;
				CLANG_WARN_SUSPICIOUS_MOVE = YES;
				CLANG_WARN_UNGUARDED_AVAILABILITY = YES_AGGRESSIVE;
				CLANG_WARN_UNREACHABLE_CODE = YES;
				CLANG_WARN__DUPLICATE_METHOD_MATCH = YES;
				COPY_PHASE_STRIP = NO;
				DEBUG_INFORMATION_FORMAT = "dwarf-with-dsym";
				DEVELOPMENT_TEAM = N3JPJNX26U;
				ENABLE_NS_ASSERTIONS = NO;
				ENABLE_STRICT_OBJC_MSGSEND = YES;
				ENABLE_USER_SCRIPT_SANDBOXING = YES;
				GCC_C_LANGUAGE_STANDARD = gnu17;
				GCC_NO_COMMON_BLOCKS = YES;
				GCC_WARN_64_TO_32_BIT_CONVERSION = YES;
				GCC_WARN_ABOUT_RETURN_TYPE = YES_ERROR;
				GCC_WARN_UNDECLARED_SELECTOR = YES;
				GCC_WARN_UNINITIALIZED_AUTOS = YES_AGGRESSIVE;
				GCC_WARN_UNUSED_FUNCTION = YES;
				GCC_WARN_UNUSED_VARIABLE = YES;
				IPHONEOS_DEPLOYMENT_TARGET = 18.5;
				LOCALIZATION_PREFERS_STRING_CATALOGS = YES;
				MTL_ENABLE_DEBUG_INFO = NO;
				MTL_FAST_MATH = YES;
				SDKROOT = iphoneos;
				SWIFT_COMPILATION_MODE = wholemodule;
				VALIDATE_PRODUCT = YES;
			};
			name = Release;
		};
		DBD459EB2DFF984D00CEAE83 /* Debug */ = {
			isa = XCBuildConfiguration;
			buildSettings = {
				ASSETCATALOG_COMPILER_APPICON_NAME = AppIcon;
				ASSETCATALOG_COMPILER_GLOBAL_ACCENT_COLOR_NAME = AccentColor;
				CODE_SIGN_STYLE = Automatic;
				CURRENT_PROJECT_VERSION = 1;
				DEVELOPMENT_TEAM = N3JPJNX26U;
				ENABLE_PREVIEWS = YES;
				GENERATE_INFOPLIST_FILE = YES;
				INFOPLIST_KEY_UIApplicationSceneManifest_Generation = YES;
				INFOPLIST_KEY_UIApplicationSupportsIndirectInputEvents = YES;
				INFOPLIST_KEY_UILaunchScreen_Generation = YES;
				INFOPLIST_KEY_UISupportedInterfaceOrientations_iPad = "UIInterfaceOrientationPortrait UIInterfaceOrientationPortraitUpsideDown UIInterfaceOrientationLandscapeLeft UIInterfaceOrientationLandscapeRight";
				INFOPLIST_KEY_UISupportedInterfaceOrientations_iPhone = "UIInterfaceOrientationPortrait UIInterfaceOrientationLandscapeLeft UIInterfaceOrientationLandscapeRight";
				LD_RUNPATH_SEARCH_PATHS = (
					"$(inherited)",
					"@executable_path/Frameworks",
				);
				MARKETING_VERSION = 1.0;
				PRODUCT_BUNDLE_IDENTIFIER = rodo.FavStop;
				PRODUCT_NAME = "$(TARGET_NAME)";
				SWIFT_EMIT_LOC_STRINGS = YES;
				SWIFT_VERSION = 5.0;
				TARGETED_DEVICE_FAMILY = "1,2";
			};
			name = Debug;
		};
		DBD459EC2DFF984D00CEAE83 /* Release */ = {
			isa = XCBuildConfiguration;
			buildSettings = {
				ASSETCATALOG_COMPILER_APPICON_NAME = AppIcon;
				ASSETCATALOG_COMPILER_GLOBAL_ACCENT_COLOR_NAME = AccentColor;
				CODE_SIGN_STYLE = Automatic;
				CURRENT_PROJECT_VERSION = 1;
				DEVELOPMENT_TEAM = N3JPJNX26U;
				ENABLE_PREVIEWS = YES;
				GENERATE_INFOPLIST_FILE = YES;
				INFOPLIST_KEY_UIApplicationSceneManifest_Generation = YES;
				INFOPLIST_KEY_UIApplicationSupportsIndirectInputEvents = YES;
				INFOPLIST_KEY_UILaunchScreen_Generation = YES;
				INFOPLIST_KEY_UISupportedInterfaceOrientations_iPad = "UIInterfaceOrientationPortrait UIInterfaceOrientationPortraitUpsideDown UIInterfaceOrientationLandscapeLeft UIInterfaceOrientationLandscapeRight";
				INFOPLIST_KEY_UISupportedInterfaceOrientations_iPhone = "UIInterfaceOrientationPortrait UIInterfaceOrientationLandscapeLeft UIInterfaceOrientationLandscapeRight";
				LD_RUNPATH_SEARCH_PATHS = (
					"$(inherited)",
					"@executable_path/Frameworks",
				);
				MARKETING_VERSION = 1.0;
				PRODUCT_BUNDLE_IDENTIFIER = rodo.FavStop;
				PRODUCT_NAME = "$(TARGET_NAME)";
				SWIFT_EMIT_LOC_STRINGS = YES;
				SWIFT_VERSION = 5.0;
				TARGETED_DEVICE_FAMILY = "1,2";
			};
			name = Release;
		};
		DBD459EE2DFF984D00CEAE83 /* Debug */ = {
			isa = XCBuildConfiguration;
			buildSettings = {
				BUNDLE_LOADER = "$(TEST_HOST)";
				CODE_SIGN_STYLE = Automatic;
				CURRENT_PROJECT_VERSION = 1;
				DEVELOPMENT_TEAM = N3JPJNX26U;
				GENERATE_INFOPLIST_FILE = YES;
				IPHONEOS_DEPLOYMENT_TARGET = 18.5;
				MARKETING_VERSION = 1.0;
				PRODUCT_BUNDLE_IDENTIFIER = rodo.FavStopTests;
				PRODUCT_NAME = "$(TARGET_NAME)";
				SWIFT_EMIT_LOC_STRINGS = NO;
				SWIFT_VERSION = 5.0;
				TARGETED_DEVICE_FAMILY = "1,2";
				TEST_HOST = "$(BUILT_PRODUCTS_DIR)/FavStop.app/$(BUNDLE_EXECUTABLE_FOLDER_PATH)/FavStop";
			};
			name = Debug;
		};
		DBD459EF2DFF984D00CEAE83 /* Release */ = {
			isa = XCBuildConfiguration;
			buildSettings = {
				BUNDLE_LOADER = "$(TEST_HOST)";
				CODE_SIGN_STYLE = Automatic;
				CURRENT_PROJECT_VERSION = 1;
				DEVELOPMENT_TEAM = N3JPJNX26U;
				GENERATE_INFOPLIST_FILE = YES;
				IPHONEOS_DEPLOYMENT_TARGET = 18.5;
				MARKETING_VERSION = 1.0;
				PRODUCT_BUNDLE_IDENTIFIER = rodo.FavStopTests;
				PRODUCT_NAME = "$(TARGET_NAME)";
				SWIFT_EMIT_LOC_STRINGS = NO;
				SWIFT_VERSION = 5.0;
				TARGETED_DEVICE_FAMILY = "1,2";
				TEST_HOST = "$(BUILT_PRODUCTS_DIR)/FavStop.app/$(BUNDLE_EXECUTABLE_FOLDER_PATH)/FavStop";
			};
			name = Release;
		};
		DBD459F12DFF984D00CEAE83 /* Debug */ = {
			isa = XCBuildConfiguration;
			buildSettings = {
				CODE_SIGN_STYLE = Automatic;
				CURRENT_PROJECT_VERSION = 1;
				DEVELOPMENT_TEAM = N3JPJNX26U;
				GENERATE_INFOPLIST_FILE = YES;
				MARKETING_VERSION = 1.0;
				PRODUCT_BUNDLE_IDENTIFIER = rodo.FavStopUITests;
				PRODUCT_NAME = "$(TARGET_NAME)";
				SWIFT_EMIT_LOC_STRINGS = NO;
				SWIFT_VERSION = 5.0;
				TARGETED_DEVICE_FAMILY = "1,2";
				TEST_TARGET_NAME = FavStop;
			};
			name = Debug;
		};
		DBD459F22DFF984D00CEAE83 /* Release */ = {
			isa = XCBuildConfiguration;
			buildSettings = {
				CODE_SIGN_STYLE = Automatic;
				CURRENT_PROJECT_VERSION = 1;
				DEVELOPMENT_TEAM = N3JPJNX26U;
				GENERATE_INFOPLIST_FILE = YES;
				MARKETING_VERSION = 1.0;
				PRODUCT_BUNDLE_IDENTIFIER = rodo.FavStopUITests;
				PRODUCT_NAME = "$(TARGET_NAME)";
				SWIFT_EMIT_LOC_STRINGS = NO;
				SWIFT_VERSION = 5.0;
				TARGETED_DEVICE_FAMILY = "1,2";
				TEST_TARGET_NAME = FavStop;
			};
			name = Release;
		};
/* End XCBuildConfiguration section */

/* Begin XCConfigurationList section */
		DBD459C42DFF984B00CEAE83 /* Build configuration list for PBXProject "FavStop" */ = {
			isa = XCConfigurationList;
			buildConfigurations = (
				DBD459E82DFF984D00CEAE83 /* Debug */,
				DBD459E92DFF984D00CEAE83 /* Release */,
			);
			defaultConfigurationIsVisible = 0;
			defaultConfigurationName = Release;
		};
		DBD459EA2DFF984D00CEAE83 /* Build configuration list for PBXNativeTarget "FavStop" */ = {
			isa = XCConfigurationList;
			buildConfigurations = (
				DBD459EB2DFF984D00CEAE83 /* Debug */,
				DBD459EC2DFF984D00CEAE83 /* Release */,
			);
			defaultConfigurationIsVisible = 0;
			defaultConfigurationName = Release;
		};
		DBD459ED2DFF984D00CEAE83 /* Build configuration list for PBXNativeTarget "FavStopTests" */ = {
			isa = XCConfigurationList;
			buildConfigurations = (
				DBD459EE2DFF984D00CEAE83 /* Debug */,
				DBD459EF2DFF984D00CEAE83 /* Release */,
			);
			defaultConfigurationIsVisible = 0;
			defaultConfigurationName = Release;
		};
		DBD459F02DFF984D00CEAE83 /* Build configuration list for PBXNativeTarget "FavStopUITests" */ = {
			isa = XCConfigurationList;
			buildConfigurations = (
				DBD459F12DFF984D00CEAE83 /* Debug */,
				DBD459F22DFF984D00CEAE83 /* Release */,
			);
			defaultConfigurationIsVisible = 0;
			defaultConfigurationName = Release;
		};
/* End XCConfigurationList section */
	};
	rootObject = DBD459C12DFF984B00CEAE83 /* Project object */;
}
